
Microsoft Visual Studio Solution File, Format Version 12.00
# Visual Studio Version 16
VisualStudioVersion = 16.0.28803.156
MinimumVisualStudioVersion = 10.0.40219.1
Project("{FAE04EC0-301F-11D3-BF4B-00C04F79EFBC}") = "eDrivingSchool.WebAPI", "eDrivingSchool.WebAPI\eDrivingSchool.WebAPI.csproj", "{484F254A-B965-4E09-A2AF-7257AA67FF0F}"
EndProject
Project("{FAE04EC0-301F-11D3-BF4B-00C04F79EFBC}") = "eDrivingSchool.Model", "eDrivingSchool.Model\eDrivingSchool.Model.csproj", "{F473C106-6E56-49A7-88D7-85BCEF44ADAD}"
EndProject
Project("{2150E333-8FDC-42A3-9474-1A3956D46DE8}") = "DesktopApp", "DesktopApp", "{822784A1-7268-429C-8037-FFF7ACAC7BCE}"
EndProject
Project("{FAE04EC0-301F-11D3-BF4B-00C04F79EFBC}") = "eDrivingSchool.WinUI", "eDrivingSchool.WinUI\eDrivingSchool.WinUI.csproj", "{378E4EC9-1E22-4ED7-B7E9-11119B70CD8C}"
EndProject
Global
	GlobalSection(SolutionConfigurationPlatforms) = preSolution
		Debug|Any CPU = Debug|Any CPU
		Release|Any CPU = Release|Any CPU
	EndGlobalSection
	GlobalSection(ProjectConfigurationPlatforms) = postSolution
		{484F254A-B965-4E09-A2AF-7257AA67FF0F}.Debug|Any CPU.ActiveCfg = Debug|Any CPU
		{484F254A-B965-4E09-A2AF-7257AA67FF0F}.Debug|Any CPU.Build.0 = Debug|Any CPU
		{484F254A-B965-4E09-A2AF-7257AA67FF0F}.Release|Any CPU.ActiveCfg = Release|Any CPU
		{484F254A-B965-4E09-A2AF-7257AA67FF0F}.Release|Any CPU.Build.0 = Release|Any CPU
		{F473C106-6E56-49A7-88D7-85BCEF44ADAD}.Debug|Any CPU.ActiveCfg = Debug|Any CPU
		{F473C106-6E56-49A7-88D7-85BCEF44ADAD}.Debug|Any CPU.Build.0 = Debug|Any CPU
		{F473C106-6E56-49A7-88D7-85BCEF44ADAD}.Release|Any CPU.ActiveCfg = Release|Any CPU
		{F473C106-6E56-49A7-88D7-85BCEF44ADAD}.Release|Any CPU.Build.0 = Release|Any CPU
		{378E4EC9-1E22-4ED7-B7E9-11119B70CD8C}.Debug|Any CPU.ActiveCfg = Debug|Any CPU
		{378E4EC9-1E22-4ED7-B7E9-11119B70CD8C}.Debug|Any CPU.Build.0 = Debug|Any CPU
		{378E4EC9-1E22-4ED7-B7E9-11119B70CD8C}.Release|Any CPU.ActiveCfg = Release|Any CPU
		{378E4EC9-1E22-4ED7-B7E9-11119B70CD8C}.Release|Any CPU.Build.0 = Release|Any CPU
	EndGlobalSection
	GlobalSection(SolutionProperties) = preSolution
		HideSolutionNode = FALSE
	EndGlobalSection
	GlobalSection(NestedProjects) = preSolution
		{378E4EC9-1E22-4ED7-B7E9-11119B70CD8C} = {822784A1-7268-429C-8037-FFF7ACAC7BCE}
	EndGlobalSection
	GlobalSection(ExtensibilityGlobals) = postSolution
		SolutionGuid = {59CA5A86-839D-4059-A345-730BBC9AE02D}
	EndGlobalSection
EndGlobal
