
Microsoft Visual Studio Solution File, Format Version 12.00
# Visual Studio Version 16
VisualStudioVersion = 16.0.28803.156
MinimumVisualStudioVersion = 10.0.40219.1
Project("{9A19103F-16F7-4668-BE54-9A1E7A4F7556}") = "eDrivingSchool.WebAPI", "eDrivingSchool.WebAPI\eDrivingSchool.WebAPI.csproj", "{484F254A-B965-4E09-A2AF-7257AA67FF0F}"
EndProject
Project("{9A19103F-16F7-4668-BE54-9A1E7A4F7556}") = "eDrivingSchool.Model", "eDrivingSchool.Model\eDrivingSchool.Model.csproj", "{F473C106-6E56-49A7-88D7-85BCEF44ADAD}"
EndProject
Project("{2150E333-8FDC-42A3-9474-1A3956D46DE8}") = "DesktopApp", "DesktopApp", "{822784A1-7268-429C-8037-FFF7ACAC7BCE}"
EndProject
Project("{FAE04EC0-301F-11D3-BF4B-00C04F79EFBC}") = "eDrivingSchool.WinUI", "eDrivingSchool.WinUI\eDrivingSchool.WinUI.csproj", "{378E4EC9-1E22-4ED7-B7E9-11119B70CD8C}"
EndProject
Project("{2150E333-8FDC-42A3-9474-1A3956D46DE8}") = "MobileApp", "MobileApp", "{EB22DDA2-9B73-4403-A985-D55D0DC0D1EC}"
EndProject
Project("{FAE04EC0-301F-11D3-BF4B-00C04F79EFBC}") = "Mobile.UWP", "Mobile\Mobile.UWP\Mobile.UWP.csproj", "{BB6AA777-64FA-4975-8B97-A2891E7974B3}"
EndProject
Project("{9A19103F-16F7-4668-BE54-9A1E7A4F7556}") = "Mobile", "Mobile\Mobile\Mobile.csproj", "{1BD1F6F8-7448-42E7-BB5F-72BAB2473067}"
EndProject
Global
	GlobalSection(SolutionConfigurationPlatforms) = preSolution
		Debug|Any CPU = Debug|Any CPU
		Debug|ARM = Debug|ARM
		Debug|iPhone = Debug|iPhone
		Debug|iPhoneSimulator = Debug|iPhoneSimulator
		Debug|x64 = Debug|x64
		Debug|x86 = Debug|x86
		Release|Any CPU = Release|Any CPU
		Release|ARM = Release|ARM
		Release|iPhone = Release|iPhone
		Release|iPhoneSimulator = Release|iPhoneSimulator
		Release|x64 = Release|x64
		Release|x86 = Release|x86
	EndGlobalSection
	GlobalSection(ProjectConfigurationPlatforms) = postSolution
		{484F254A-B965-4E09-A2AF-7257AA67FF0F}.Debug|Any CPU.ActiveCfg = Debug|Any CPU
		{484F254A-B965-4E09-A2AF-7257AA67FF0F}.Debug|Any CPU.Build.0 = Debug|Any CPU
		{484F254A-B965-4E09-A2AF-7257AA67FF0F}.Debug|ARM.ActiveCfg = Debug|Any CPU
		{484F254A-B965-4E09-A2AF-7257AA67FF0F}.Debug|ARM.Build.0 = Debug|Any CPU
		{484F254A-B965-4E09-A2AF-7257AA67FF0F}.Debug|iPhone.ActiveCfg = Debug|Any CPU
		{484F254A-B965-4E09-A2AF-7257AA67FF0F}.Debug|iPhone.Build.0 = Debug|Any CPU
		{484F254A-B965-4E09-A2AF-7257AA67FF0F}.Debug|iPhoneSimulator.ActiveCfg = Debug|Any CPU
		{484F254A-B965-4E09-A2AF-7257AA67FF0F}.Debug|iPhoneSimulator.Build.0 = Debug|Any CPU
		{484F254A-B965-4E09-A2AF-7257AA67FF0F}.Debug|x64.ActiveCfg = Debug|Any CPU
		{484F254A-B965-4E09-A2AF-7257AA67FF0F}.Debug|x64.Build.0 = Debug|Any CPU
		{484F254A-B965-4E09-A2AF-7257AA67FF0F}.Debug|x86.ActiveCfg = Debug|Any CPU
		{484F254A-B965-4E09-A2AF-7257AA67FF0F}.Debug|x86.Build.0 = Debug|Any CPU
		{484F254A-B965-4E09-A2AF-7257AA67FF0F}.Release|Any CPU.ActiveCfg = Release|Any CPU
		{484F254A-B965-4E09-A2AF-7257AA67FF0F}.Release|Any CPU.Build.0 = Release|Any CPU
		{484F254A-B965-4E09-A2AF-7257AA67FF0F}.Release|ARM.ActiveCfg = Release|Any CPU
		{484F254A-B965-4E09-A2AF-7257AA67FF0F}.Release|ARM.Build.0 = Release|Any CPU
		{484F254A-B965-4E09-A2AF-7257AA67FF0F}.Release|iPhone.ActiveCfg = Release|Any CPU
		{484F254A-B965-4E09-A2AF-7257AA67FF0F}.Release|iPhone.Build.0 = Release|Any CPU
		{484F254A-B965-4E09-A2AF-7257AA67FF0F}.Release|iPhoneSimulator.ActiveCfg = Release|Any CPU
		{484F254A-B965-4E09-A2AF-7257AA67FF0F}.Release|iPhoneSimulator.Build.0 = Release|Any CPU
		{484F254A-B965-4E09-A2AF-7257AA67FF0F}.Release|x64.ActiveCfg = Release|Any CPU
		{484F254A-B965-4E09-A2AF-7257AA67FF0F}.Release|x64.Build.0 = Release|Any CPU
		{484F254A-B965-4E09-A2AF-7257AA67FF0F}.Release|x86.ActiveCfg = Release|Any CPU
		{484F254A-B965-4E09-A2AF-7257AA67FF0F}.Release|x86.Build.0 = Release|Any CPU
		{F473C106-6E56-49A7-88D7-85BCEF44ADAD}.Debug|Any CPU.ActiveCfg = Debug|Any CPU
		{F473C106-6E56-49A7-88D7-85BCEF44ADAD}.Debug|Any CPU.Build.0 = Debug|Any CPU
		{F473C106-6E56-49A7-88D7-85BCEF44ADAD}.Debug|ARM.ActiveCfg = Debug|Any CPU
		{F473C106-6E56-49A7-88D7-85BCEF44ADAD}.Debug|ARM.Build.0 = Debug|Any CPU
		{F473C106-6E56-49A7-88D7-85BCEF44ADAD}.Debug|iPhone.ActiveCfg = Debug|Any CPU
		{F473C106-6E56-49A7-88D7-85BCEF44ADAD}.Debug|iPhone.Build.0 = Debug|Any CPU
		{F473C106-6E56-49A7-88D7-85BCEF44ADAD}.Debug|iPhoneSimulator.ActiveCfg = Debug|Any CPU
		{F473C106-6E56-49A7-88D7-85BCEF44ADAD}.Debug|iPhoneSimulator.Build.0 = Debug|Any CPU
		{F473C106-6E56-49A7-88D7-85BCEF44ADAD}.Debug|x64.ActiveCfg = Debug|Any CPU
		{F473C106-6E56-49A7-88D7-85BCEF44ADAD}.Debug|x64.Build.0 = Debug|Any CPU
		{F473C106-6E56-49A7-88D7-85BCEF44ADAD}.Debug|x86.ActiveCfg = Debug|Any CPU
		{F473C106-6E56-49A7-88D7-85BCEF44ADAD}.Debug|x86.Build.0 = Debug|Any CPU
		{F473C106-6E56-49A7-88D7-85BCEF44ADAD}.Release|Any CPU.ActiveCfg = Release|Any CPU
		{F473C106-6E56-49A7-88D7-85BCEF44ADAD}.Release|Any CPU.Build.0 = Release|Any CPU
		{F473C106-6E56-49A7-88D7-85BCEF44ADAD}.Release|ARM.ActiveCfg = Release|Any CPU
		{F473C106-6E56-49A7-88D7-85BCEF44ADAD}.Release|ARM.Build.0 = Release|Any CPU
		{F473C106-6E56-49A7-88D7-85BCEF44ADAD}.Release|iPhone.ActiveCfg = Release|Any CPU
		{F473C106-6E56-49A7-88D7-85BCEF44ADAD}.Release|iPhone.Build.0 = Release|Any CPU
		{F473C106-6E56-49A7-88D7-85BCEF44ADAD}.Release|iPhoneSimulator.ActiveCfg = Release|Any CPU
		{F473C106-6E56-49A7-88D7-85BCEF44ADAD}.Release|iPhoneSimulator.Build.0 = Release|Any CPU
		{F473C106-6E56-49A7-88D7-85BCEF44ADAD}.Release|x64.ActiveCfg = Release|Any CPU
		{F473C106-6E56-49A7-88D7-85BCEF44ADAD}.Release|x64.Build.0 = Release|Any CPU
		{F473C106-6E56-49A7-88D7-85BCEF44ADAD}.Release|x86.ActiveCfg = Release|Any CPU
		{F473C106-6E56-49A7-88D7-85BCEF44ADAD}.Release|x86.Build.0 = Release|Any CPU
		{378E4EC9-1E22-4ED7-B7E9-11119B70CD8C}.Debug|Any CPU.ActiveCfg = Debug|Any CPU
		{378E4EC9-1E22-4ED7-B7E9-11119B70CD8C}.Debug|Any CPU.Build.0 = Debug|Any CPU
		{378E4EC9-1E22-4ED7-B7E9-11119B70CD8C}.Debug|ARM.ActiveCfg = Debug|Any CPU
		{378E4EC9-1E22-4ED7-B7E9-11119B70CD8C}.Debug|ARM.Build.0 = Debug|Any CPU
		{378E4EC9-1E22-4ED7-B7E9-11119B70CD8C}.Debug|iPhone.ActiveCfg = Debug|Any CPU
		{378E4EC9-1E22-4ED7-B7E9-11119B70CD8C}.Debug|iPhone.Build.0 = Debug|Any CPU
		{378E4EC9-1E22-4ED7-B7E9-11119B70CD8C}.Debug|iPhoneSimulator.ActiveCfg = Debug|Any CPU
		{378E4EC9-1E22-4ED7-B7E9-11119B70CD8C}.Debug|iPhoneSimulator.Build.0 = Debug|Any CPU
		{378E4EC9-1E22-4ED7-B7E9-11119B70CD8C}.Debug|x64.ActiveCfg = Debug|Any CPU
		{378E4EC9-1E22-4ED7-B7E9-11119B70CD8C}.Debug|x64.Build.0 = Debug|Any CPU
		{378E4EC9-1E22-4ED7-B7E9-11119B70CD8C}.Debug|x86.ActiveCfg = Debug|Any CPU
		{378E4EC9-1E22-4ED7-B7E9-11119B70CD8C}.Debug|x86.Build.0 = Debug|Any CPU
		{378E4EC9-1E22-4ED7-B7E9-11119B70CD8C}.Release|Any CPU.ActiveCfg = Release|Any CPU
		{378E4EC9-1E22-4ED7-B7E9-11119B70CD8C}.Release|Any CPU.Build.0 = Release|Any CPU
		{378E4EC9-1E22-4ED7-B7E9-11119B70CD8C}.Release|ARM.ActiveCfg = Release|Any CPU
		{378E4EC9-1E22-4ED7-B7E9-11119B70CD8C}.Release|ARM.Build.0 = Release|Any CPU
		{378E4EC9-1E22-4ED7-B7E9-11119B70CD8C}.Release|iPhone.ActiveCfg = Release|Any CPU
		{378E4EC9-1E22-4ED7-B7E9-11119B70CD8C}.Release|iPhone.Build.0 = Release|Any CPU
		{378E4EC9-1E22-4ED7-B7E9-11119B70CD8C}.Release|iPhoneSimulator.ActiveCfg = Release|Any CPU
		{378E4EC9-1E22-4ED7-B7E9-11119B70CD8C}.Release|iPhoneSimulator.Build.0 = Release|Any CPU
		{378E4EC9-1E22-4ED7-B7E9-11119B70CD8C}.Release|x64.ActiveCfg = Release|Any CPU
		{378E4EC9-1E22-4ED7-B7E9-11119B70CD8C}.Release|x64.Build.0 = Release|Any CPU
		{378E4EC9-1E22-4ED7-B7E9-11119B70CD8C}.Release|x86.ActiveCfg = Release|Any CPU
		{378E4EC9-1E22-4ED7-B7E9-11119B70CD8C}.Release|x86.Build.0 = Release|Any CPU
		{BB6AA777-64FA-4975-8B97-A2891E7974B3}.Debug|Any CPU.ActiveCfg = Debug|x86
		{BB6AA777-64FA-4975-8B97-A2891E7974B3}.Debug|Any CPU.Build.0 = Debug|x86
		{BB6AA777-64FA-4975-8B97-A2891E7974B3}.Debug|Any CPU.Deploy.0 = Debug|x86
		{BB6AA777-64FA-4975-8B97-A2891E7974B3}.Debug|ARM.ActiveCfg = Debug|ARM
		{BB6AA777-64FA-4975-8B97-A2891E7974B3}.Debug|ARM.Build.0 = Debug|ARM
		{BB6AA777-64FA-4975-8B97-A2891E7974B3}.Debug|ARM.Deploy.0 = Debug|ARM
		{BB6AA777-64FA-4975-8B97-A2891E7974B3}.Debug|iPhone.ActiveCfg = Debug|x86
		{BB6AA777-64FA-4975-8B97-A2891E7974B3}.Debug|iPhone.Build.0 = Debug|x86
		{BB6AA777-64FA-4975-8B97-A2891E7974B3}.Debug|iPhone.Deploy.0 = Debug|x86
		{BB6AA777-64FA-4975-8B97-A2891E7974B3}.Debug|iPhoneSimulator.ActiveCfg = Debug|x86
		{BB6AA777-64FA-4975-8B97-A2891E7974B3}.Debug|x64.ActiveCfg = Debug|x64
		{BB6AA777-64FA-4975-8B97-A2891E7974B3}.Debug|x64.Build.0 = Debug|x64
		{BB6AA777-64FA-4975-8B97-A2891E7974B3}.Debug|x64.Deploy.0 = Debug|x64
		{BB6AA777-64FA-4975-8B97-A2891E7974B3}.Debug|x86.ActiveCfg = Debug|x86
		{BB6AA777-64FA-4975-8B97-A2891E7974B3}.Debug|x86.Build.0 = Debug|x86
		{BB6AA777-64FA-4975-8B97-A2891E7974B3}.Debug|x86.Deploy.0 = Debug|x86
		{BB6AA777-64FA-4975-8B97-A2891E7974B3}.Release|Any CPU.ActiveCfg = Release|x86
		{BB6AA777-64FA-4975-8B97-A2891E7974B3}.Release|ARM.ActiveCfg = Release|ARM
		{BB6AA777-64FA-4975-8B97-A2891E7974B3}.Release|ARM.Build.0 = Release|ARM
		{BB6AA777-64FA-4975-8B97-A2891E7974B3}.Release|ARM.Deploy.0 = Release|ARM
		{BB6AA777-64FA-4975-8B97-A2891E7974B3}.Release|iPhone.ActiveCfg = Release|x86
		{BB6AA777-64FA-4975-8B97-A2891E7974B3}.Release|iPhoneSimulator.ActiveCfg = Release|x86
		{BB6AA777-64FA-4975-8B97-A2891E7974B3}.Release|x64.ActiveCfg = Release|x64
		{BB6AA777-64FA-4975-8B97-A2891E7974B3}.Release|x64.Build.0 = Release|x64
		{BB6AA777-64FA-4975-8B97-A2891E7974B3}.Release|x64.Deploy.0 = Release|x64
		{BB6AA777-64FA-4975-8B97-A2891E7974B3}.Release|x86.ActiveCfg = Release|x86
		{BB6AA777-64FA-4975-8B97-A2891E7974B3}.Release|x86.Build.0 = Release|x86
		{BB6AA777-64FA-4975-8B97-A2891E7974B3}.Release|x86.Deploy.0 = Release|x86
		{1BD1F6F8-7448-42E7-BB5F-72BAB2473067}.Debug|Any CPU.ActiveCfg = Debug|Any CPU
		{1BD1F6F8-7448-42E7-BB5F-72BAB2473067}.Debug|Any CPU.Build.0 = Debug|Any CPU
		{1BD1F6F8-7448-42E7-BB5F-72BAB2473067}.Debug|ARM.ActiveCfg = Debug|Any CPU
		{1BD1F6F8-7448-42E7-BB5F-72BAB2473067}.Debug|ARM.Build.0 = Debug|Any CPU
		{1BD1F6F8-7448-42E7-BB5F-72BAB2473067}.Debug|iPhone.ActiveCfg = Debug|Any CPU
		{1BD1F6F8-7448-42E7-BB5F-72BAB2473067}.Debug|iPhone.Build.0 = Debug|Any CPU
		{1BD1F6F8-7448-42E7-BB5F-72BAB2473067}.Debug|iPhoneSimulator.ActiveCfg = Debug|Any CPU
		{1BD1F6F8-7448-42E7-BB5F-72BAB2473067}.Debug|iPhoneSimulator.Build.0 = Debug|Any CPU
		{1BD1F6F8-7448-42E7-BB5F-72BAB2473067}.Debug|x64.ActiveCfg = Debug|Any CPU
		{1BD1F6F8-7448-42E7-BB5F-72BAB2473067}.Debug|x64.Build.0 = Debug|Any CPU
		{1BD1F6F8-7448-42E7-BB5F-72BAB2473067}.Debug|x86.ActiveCfg = Debug|Any CPU
		{1BD1F6F8-7448-42E7-BB5F-72BAB2473067}.Debug|x86.Build.0 = Debug|Any CPU
		{1BD1F6F8-7448-42E7-BB5F-72BAB2473067}.Release|Any CPU.ActiveCfg = Release|Any CPU
		{1BD1F6F8-7448-42E7-BB5F-72BAB2473067}.Release|Any CPU.Build.0 = Release|Any CPU
		{1BD1F6F8-7448-42E7-BB5F-72BAB2473067}.Release|ARM.ActiveCfg = Release|Any CPU
		{1BD1F6F8-7448-42E7-BB5F-72BAB2473067}.Release|ARM.Build.0 = Release|Any CPU
		{1BD1F6F8-7448-42E7-BB5F-72BAB2473067}.Release|iPhone.ActiveCfg = Release|Any CPU
		{1BD1F6F8-7448-42E7-BB5F-72BAB2473067}.Release|iPhone.Build.0 = Release|Any CPU
		{1BD1F6F8-7448-42E7-BB5F-72BAB2473067}.Release|iPhoneSimulator.ActiveCfg = Release|Any CPU
		{1BD1F6F8-7448-42E7-BB5F-72BAB2473067}.Release|iPhoneSimulator.Build.0 = Release|Any CPU
		{1BD1F6F8-7448-42E7-BB5F-72BAB2473067}.Release|x64.ActiveCfg = Release|Any CPU
		{1BD1F6F8-7448-42E7-BB5F-72BAB2473067}.Release|x64.Build.0 = Release|Any CPU
		{1BD1F6F8-7448-42E7-BB5F-72BAB2473067}.Release|x86.ActiveCfg = Release|Any CPU
		{1BD1F6F8-7448-42E7-BB5F-72BAB2473067}.Release|x86.Build.0 = Release|Any CPU
	EndGlobalSection
	GlobalSection(SolutionProperties) = preSolution
		HideSolutionNode = FALSE
	EndGlobalSection
	GlobalSection(NestedProjects) = preSolution
		{378E4EC9-1E22-4ED7-B7E9-11119B70CD8C} = {822784A1-7268-429C-8037-FFF7ACAC7BCE}
		{BB6AA777-64FA-4975-8B97-A2891E7974B3} = {EB22DDA2-9B73-4403-A985-D55D0DC0D1EC}
		{1BD1F6F8-7448-42E7-BB5F-72BAB2473067} = {EB22DDA2-9B73-4403-A985-D55D0DC0D1EC}
	EndGlobalSection
	GlobalSection(ExtensibilityGlobals) = postSolution
		SolutionGuid = {59CA5A86-839D-4059-A345-730BBC9AE02D}
	EndGlobalSection
EndGlobal
